
Microsoft Visual Studio Solution File, Format Version 12.00
# Visual Studio 15
VisualStudioVersion = 15.0.27703.2047
MinimumVisualStudioVersion = 10.0.40219.1
Project("{FAE04EC0-301F-11D3-BF4B-00C04F79EFBC}") = "Лаба_3(2)", "Лаба_3(2)\Лаба_3(2).csproj", "{165BDEFE-BD94-4D07-8F69-E380C50F8BED}"
EndProject
Global
	GlobalSection(SolutionConfigurationPlatforms) = preSolution
		Debug|Any CPU = Debug|Any CPU
		Release|Any CPU = Release|Any CPU
	EndGlobalSection
	GlobalSection(ProjectConfigurationPlatforms) = postSolution
		{165BDEFE-BD94-4D07-8F69-E380C50F8BED}.Debug|Any CPU.ActiveCfg = Debug|Any CPU
		{165BDEFE-BD94-4D07-8F69-E380C50F8BED}.Debug|Any CPU.Build.0 = Debug|Any CPU
		{165BDEFE-BD94-4D07-8F69-E380C50F8BED}.Release|Any CPU.ActiveCfg = Release|Any CPU
		{165BDEFE-BD94-4D07-8F69-E380C50F8BED}.Release|Any CPU.Build.0 = Release|Any CPU
	EndGlobalSection
	GlobalSection(SolutionProperties) = preSolution
		HideSolutionNode = FALSE
	EndGlobalSection
	GlobalSection(ExtensibilityGlobals) = postSolution
		SolutionGuid = {7A8A5FE5-4596-4F46-9056-39AD24ED907F}
	EndGlobalSection
EndGlobal
